
Microsoft Visual Studio Solution File, Format Version 12.00
# Visual Studio Version 16
VisualStudioVersion = 16.0.31613.86
MinimumVisualStudioVersion = 10.0.40219.1
Project("{FAE04EC0-301F-11D3-BF4B-00C04F79EFBC}") = "Hubtel.eCommerce.Cart.Api", "Hubtel.eCommerce.Cart.Api\Hubtel.eCommerce.Cart.Api.csproj", "{595259D6-509A-4776-B6C5-C0620A81FB6D}"
EndProject
Global
	GlobalSection(SolutionConfigurationPlatforms) = preSolution
		Debug|Any CPU = Debug|Any CPU
		Release|Any CPU = Release|Any CPU
	EndGlobalSection
	GlobalSection(ProjectConfigurationPlatforms) = postSolution
		{595259D6-509A-4776-B6C5-C0620A81FB6D}.Debug|Any CPU.ActiveCfg = Debug|Any CPU
		{595259D6-509A-4776-B6C5-C0620A81FB6D}.Debug|Any CPU.Build.0 = Debug|Any CPU
		{595259D6-509A-4776-B6C5-C0620A81FB6D}.Release|Any CPU.ActiveCfg = Release|Any CPU
		{595259D6-509A-4776-B6C5-C0620A81FB6D}.Release|Any CPU.Build.0 = Release|Any CPU
	EndGlobalSection
	GlobalSection(SolutionProperties) = preSolution
		HideSolutionNode = FALSE
	EndGlobalSection
	GlobalSection(ExtensibilityGlobals) = postSolution
		SolutionGuid = {178FF6A7-E94B-4459-A96D-509B49A60760}
	EndGlobalSection
EndGlobal
